{
  "name": "frontend",
  "lockfileVersion": 3,
  "requires": true,
  "packages": {
    "": {
      "name": "frontend",
      "devDependencies": {
        "@types/node": "^24.3.1",
        "@vitejs/plugin-vue": "^6.0.1",
        "@vue/tsconfig": "^0.8.1",
        "sass-embedded": "^1.92.1",
        "vite": "^7.1.5"
      }
    },
    "../../node_modules/.pnpm/@types+node@24.3.1/node_modules/@types/node": {
      "version": "24.3.1",
      "dev": true,
      "license": "MIT",
      "dependencies": {
        "undici-types": "~7.10.0"
      }
    },
    "../../node_modules/.pnpm/@vitejs+plugin-vue@6.0.1_vite@7.1.5_@types+node@24.3.1_sass-embedded@1.92.1_sass@1.92.1__vue@3.5.21_typescript@5.9.2_/node_modules/@vitejs/plugin-vue": {
      "version": "6.0.1",
      "dev": true,
      "license": "MIT",
      "dependencies": {
        "@rolldown/pluginutils": "1.0.0-beta.29"
      },
      "devDependencies": {
        "@jridgewell/gen-mapping": "^0.3.12",
        "@jridgewell/trace-mapping": "^0.3.29",
        "debug": "^4.4.1",
        "rollup": "^4.45.1",
        "slash": "^5.1.0",
        "source-map-js": "^1.2.1",
        "tsdown": "^0.13.0",
        "vite": "^7.0.5",
        "vue": "^3.5.18"
      },
      "engines": {
        "node": "^20.19.0 || >=22.12.0"
      },
      "peerDependencies": {
        "vite": "^5.0.0 || ^6.0.0 || ^7.0.0",
        "vue": "^3.2.25"
      }
    },
    "../../node_modules/.pnpm/@vue+tsconfig@0.8.1_typescript@5.9.2_vue@3.5.21_typescript@5.9.2_/node_modules/@vue/tsconfig": {
      "version": "0.8.1",
      "dev": true,
      "license": "MIT",
      "peerDependencies": {
        "typescript": "5.x",
        "vue": "^3.4.0"
      },
      "peerDependenciesMeta": {
        "typescript": {
          "optional": true
        },
        "vue": {
          "optional": true
        }
      }
    },
    "../../node_modules/.pnpm/sass-embedded@1.92.1/node_modules/sass-embedded": {
      "version": "1.92.1",
      "dev": true,
      "license": "MIT",
      "dependencies": {
        "@bufbuild/protobuf": "^2.5.0",
        "buffer-builder": "^0.2.0",
        "colorjs.io": "^0.5.0",
        "immutable": "^5.0.2",
        "rxjs": "^7.4.0",
        "supports-color": "^8.1.1",
        "sync-child-process": "^1.0.2",
        "varint": "^6.0.0"
      },
      "bin": {
        "sass": "dist/bin/sass.js"
      },
      "devDependencies": {
        "@bufbuild/buf": "^1.54.0",
        "@bufbuild/protoc-gen-es": "^2.5.0",
        "@types/buffer-builder": "^0.2.0",
        "@types/google-protobuf": "^3.7.2",
        "@types/jest": "^30.0.0",
        "@types/node": "^24.0.3",
        "@types/shelljs": "^0.8.8",
        "@types/supports-color": "^8.1.1",
        "@types/tar": "^6.1.0",
        "@types/varint": "^6.0.1",
        "@types/yargs": "^17.0.4",
        "extract-zip": "^2.0.1",
        "gts": "^6.0.2",
        "jest": "^30.0.3",
        "npm-run-all": "^4.1.5",
        "shelljs": "^0.10.0",
        "simple-git": "^3.15.1",
        "source-map-js": "^1.0.2",
        "tar": "^7.4.3",
        "ts-jest": "^29.0.5",
        "ts-node": "^10.2.1",
        "typescript": "^5.0.2",
        "yaml": "^2.2.1",
        "yargs": "^17.2.1"
      },
      "engines": {
        "node": ">=16.0.0"
      },
      "optionalDependencies": {
        "sass-embedded-all-unknown": "1.92.1",
        "sass-embedded-android-arm": "1.92.1",
        "sass-embedded-android-arm64": "1.92.1",
        "sass-embedded-android-riscv64": "1.92.1",
        "sass-embedded-android-x64": "1.92.1",
        "sass-embedded-darwin-arm64": "1.92.1",
        "sass-embedded-darwin-x64": "1.92.1",
        "sass-embedded-linux-arm": "1.92.1",
        "sass-embedded-linux-arm64": "1.92.1",
        "sass-embedded-linux-musl-arm": "1.92.1",
        "sass-embedded-linux-musl-arm64": "1.92.1",
        "sass-embedded-linux-musl-riscv64": "1.92.1",
        "sass-embedded-linux-musl-x64": "1.92.1",
        "sass-embedded-linux-riscv64": "1.92.1",
        "sass-embedded-linux-x64": "1.92.1",
        "sass-embedded-unknown-all": "1.92.1",
        "sass-embedded-win32-arm64": "1.92.1",
        "sass-embedded-win32-x64": "1.92.1"
      }
    },
    "../../node_modules/.pnpm/vite@7.1.5_@types+node@24.3.1_sass-embedded@1.92.1_sass@1.92.1/node_modules/vite": {
      "version": "7.1.5",
      "dev": true,
      "license": "MIT",
      "dependencies": {
        "esbuild": "^0.25.0",
        "fdir": "^6.5.0",
        "picomatch": "^4.0.3",
        "postcss": "^8.5.6",
        "rollup": "^4.43.0",
        "tinyglobby": "^0.2.15"
      },
      "bin": {
        "vite": "bin/vite.js"
      },
      "devDependencies": {
        "@babel/parser": "^7.28.4",
        "@jridgewell/remapping": "^2.3.5",
        "@jridgewell/trace-mapping": "^0.3.30",
        "@oxc-project/types": "0.81.0",
        "@polka/compression": "^1.0.0-next.25",
        "@rolldown/pluginutils": "^1.0.0-beta.35",
        "@rollup/plugin-alias": "^5.1.1",
        "@rollup/plugin-commonjs": "^28.0.6",
        "@rollup/plugin-dynamic-import-vars": "2.1.4",
        "@rollup/pluginutils": "^5.3.0",
        "@types/escape-html": "^1.0.4",
        "@types/pnpapi": "^0.0.5",
        "artichokie": "^0.4.0",
        "baseline-browser-mapping": "^2.7.4",
        "cac": "^6.7.14",
        "chokidar": "^3.6.0",
        "connect": "^3.7.0",
        "convert-source-map": "^2.0.0",
        "cors": "^2.8.5",
        "cross-spawn": "^7.0.6",
        "debug": "^4.4.1",
        "dep-types": "link:./src/types",
        "dotenv": "^17.2.2",
        "dotenv-expand": "^12.0.3",
        "es-module-lexer": "^1.7.0",
        "escape-html": "^1.0.3",
        "estree-walker": "^3.0.3",
        "etag": "^1.8.1",
        "host-validation-middleware": "^0.1.1",
        "http-proxy-3": "^1.21.0",
        "launch-editor-middleware": "^2.11.1",
        "lightningcss": "^1.30.1",
        "magic-string": "^0.30.18",
        "mlly": "^1.8.0",
        "mrmime": "^2.0.1",
        "nanoid": "^5.1.5",
        "open": "^10.2.0",
        "parse5": "^8.0.0",
        "pathe": "^2.0.3",
        "periscopic": "^4.0.2",
        "picocolors": "^1.1.1",
        "postcss-import": "^16.1.1",
        "postcss-load-config": "^6.0.1",
        "postcss-modules": "^6.0.1",
        "premove": "^4.0.0",
        "resolve.exports": "^2.0.3",
        "rolldown": "^1.0.0-beta.32",
        "rolldown-plugin-dts": "^0.15.6",
        "rollup-plugin-license": "^3.6.0",
        "sass": "^1.92.1",
        "sass-embedded": "^1.92.1",
        "sirv": "^3.0.2",
        "strip-literal": "^3.0.0",
        "terser": "^5.44.0",
        "tsconfck": "^3.1.6",
        "types": "link:./types",
        "ufo": "^1.6.1",
        "ws": "^8.18.3"
      },
      "engines": {
        "node": "^20.19.0 || >=22.12.0"
      },
      "funding": {
        "url": "https://github.com/vitejs/vite?sponsor=1"
      },
      "optionalDependencies": {
        "fsevents": "~2.3.3"
      },
      "peerDependencies": {
        "@types/node": "^20.19.0 || >=22.12.0",
        "jiti": ">=1.21.0",
        "less": "^4.0.0",
        "lightningcss": "^1.21.0",
        "sass": "^1.70.0",
        "sass-embedded": "^1.70.0",
        "stylus": ">=0.54.8",
        "sugarss": "^5.0.0",
        "terser": "^5.16.0",
        "tsx": "^4.8.1",
        "yaml": "^2.4.2"
      },
      "peerDependenciesMeta": {
        "@types/node": {
          "optional": true
        },
        "jiti": {
          "optional": true
        },
        "less": {
          "optional": true
        },
        "lightningcss": {
          "optional": true
        },
        "sass": {
          "optional": true
        },
        "sass-embedded": {
          "optional": true
        },
        "stylus": {
          "optional": true
        },
        "sugarss": {
          "optional": true
        },
        "terser": {
          "optional": true
        },
        "tsx": {
          "optional": true
        },
        "yaml": {
          "optional": true
        }
      }
    },
    "node_modules/@types/node": {
      "resolved": "../../node_modules/.pnpm/@types+node@24.3.1/node_modules/@types/node",
      "link": true
    },
    "node_modules/@vitejs/plugin-vue": {
      "resolved": "../../node_modules/.pnpm/@vitejs+plugin-vue@6.0.1_vite@7.1.5_@types+node@24.3.1_sass-embedded@1.92.1_sass@1.92.1__vue@3.5.21_typescript@5.9.2_/node_modules/@vitejs/plugin-vue",
      "link": true
    },
    "node_modules/@vue/tsconfig": {
      "resolved": "../../node_modules/.pnpm/@vue+tsconfig@0.8.1_typescript@5.9.2_vue@3.5.21_typescript@5.9.2_/node_modules/@vue/tsconfig",
      "link": true
    },
    "node_modules/sass-embedded": {
      "resolved": "../../node_modules/.pnpm/sass-embedded@1.92.1/node_modules/sass-embedded",
      "link": true
    },
    "node_modules/vite": {
      "resolved": "../../node_modules/.pnpm/vite@7.1.5_@types+node@24.3.1_sass-embedded@1.92.1_sass@1.92.1/node_modules/vite",
      "link": true
    }
  }
}
